
Microsoft Visual Studio Solution File, Format Version 12.00
# Visual Studio 2012
Project("{FAE04EC0-301F-11D3-BF4B-00C04F79EFBC}") = "School.Lib", "School.Lib\School.Lib.csproj", "{91CDFBFA-2223-4064-A3ED-19ADC12F44BF}"
EndProject
Project("{FAE04EC0-301F-11D3-BF4B-00C04F79EFBC}") = "TestsSchool", "TestsSchool\TestsSchool.csproj", "{C5A3007B-2572-475F-B5DC-0C8DDC6EA5A1}"
EndProject
Global
	GlobalSection(SolutionConfigurationPlatforms) = preSolution
		Debug|Any CPU = Debug|Any CPU
		Release|Any CPU = Release|Any CPU
	EndGlobalSection
	GlobalSection(ProjectConfigurationPlatforms) = postSolution
		{91CDFBFA-2223-4064-A3ED-19ADC12F44BF}.Debug|Any CPU.ActiveCfg = Debug|Any CPU
		{91CDFBFA-2223-4064-A3ED-19ADC12F44BF}.Debug|Any CPU.Build.0 = Debug|Any CPU
		{91CDFBFA-2223-4064-A3ED-19ADC12F44BF}.Release|Any CPU.ActiveCfg = Release|Any CPU
		{91CDFBFA-2223-4064-A3ED-19ADC12F44BF}.Release|Any CPU.Build.0 = Release|Any CPU
		{C5A3007B-2572-475F-B5DC-0C8DDC6EA5A1}.Debug|Any CPU.ActiveCfg = Debug|Any CPU
		{C5A3007B-2572-475F-B5DC-0C8DDC6EA5A1}.Debug|Any CPU.Build.0 = Debug|Any CPU
		{C5A3007B-2572-475F-B5DC-0C8DDC6EA5A1}.Release|Any CPU.ActiveCfg = Release|Any CPU
		{C5A3007B-2572-475F-B5DC-0C8DDC6EA5A1}.Release|Any CPU.Build.0 = Release|Any CPU
	EndGlobalSection
	GlobalSection(SolutionProperties) = preSolution
		HideSolutionNode = FALSE
	EndGlobalSection
EndGlobal
