
Microsoft Visual Studio Solution File, Format Version 12.00
# Visual Studio 2012
Project("{FAE04EC0-301F-11D3-BF4B-00C04F79EFBC}") = "02.HumanStudentWorker", "02.HumanStudentWorker\02.HumanStudentWorker.csproj", "{169EA3BF-9565-4F76-A776-DF50E04D8DFF}"
EndProject
Global
	GlobalSection(SolutionConfigurationPlatforms) = preSolution
		Debug|Any CPU = Debug|Any CPU
		Release|Any CPU = Release|Any CPU
	EndGlobalSection
	GlobalSection(ProjectConfigurationPlatforms) = postSolution
		{169EA3BF-9565-4F76-A776-DF50E04D8DFF}.Debug|Any CPU.ActiveCfg = Debug|Any CPU
		{169EA3BF-9565-4F76-A776-DF50E04D8DFF}.Debug|Any CPU.Build.0 = Debug|Any CPU
		{169EA3BF-9565-4F76-A776-DF50E04D8DFF}.Release|Any CPU.ActiveCfg = Release|Any CPU
		{169EA3BF-9565-4F76-A776-DF50E04D8DFF}.Release|Any CPU.Build.0 = Release|Any CPU
	EndGlobalSection
	GlobalSection(SolutionProperties) = preSolution
		HideSolutionNode = FALSE
	EndGlobalSection
EndGlobal
