
Microsoft Visual Studio Solution File, Format Version 12.00
# Visual Studio 2012
Project("{FAE04EC0-301F-11D3-BF4B-00C04F79EFBC}") = "01.IronMQApp", "01.IronMQApp\01.IronMQApp.csproj", "{B2F258DD-4EF1-4830-8603-924158516827}"
EndProject
Project("{FAE04EC0-301F-11D3-BF4B-00C04F79EFBC}") = "01.IronMQReciever", "01.IronMQReciever\01.IronMQReciever.csproj", "{6CB6A3C0-9FAD-458E-BB5A-B7A1A78AFD0F}"
EndProject
Project("{FAE04EC0-301F-11D3-BF4B-00C04F79EFBC}") = "02.PubNub", "02.PubNub\02.PubNub.csproj", "{44B34179-D071-4449-A41C-AFDB7D609F42}"
EndProject
Global
	GlobalSection(SolutionConfigurationPlatforms) = preSolution
		Debug|Any CPU = Debug|Any CPU
		Release|Any CPU = Release|Any CPU
	EndGlobalSection
	GlobalSection(ProjectConfigurationPlatforms) = postSolution
		{B2F258DD-4EF1-4830-8603-924158516827}.Debug|Any CPU.ActiveCfg = Debug|Any CPU
		{B2F258DD-4EF1-4830-8603-924158516827}.Debug|Any CPU.Build.0 = Debug|Any CPU
		{B2F258DD-4EF1-4830-8603-924158516827}.Release|Any CPU.ActiveCfg = Release|Any CPU
		{B2F258DD-4EF1-4830-8603-924158516827}.Release|Any CPU.Build.0 = Release|Any CPU
		{6CB6A3C0-9FAD-458E-BB5A-B7A1A78AFD0F}.Debug|Any CPU.ActiveCfg = Debug|Any CPU
		{6CB6A3C0-9FAD-458E-BB5A-B7A1A78AFD0F}.Debug|Any CPU.Build.0 = Debug|Any CPU
		{6CB6A3C0-9FAD-458E-BB5A-B7A1A78AFD0F}.Release|Any CPU.ActiveCfg = Release|Any CPU
		{6CB6A3C0-9FAD-458E-BB5A-B7A1A78AFD0F}.Release|Any CPU.Build.0 = Release|Any CPU
		{44B34179-D071-4449-A41C-AFDB7D609F42}.Debug|Any CPU.ActiveCfg = Debug|Any CPU
		{44B34179-D071-4449-A41C-AFDB7D609F42}.Debug|Any CPU.Build.0 = Debug|Any CPU
		{44B34179-D071-4449-A41C-AFDB7D609F42}.Release|Any CPU.ActiveCfg = Release|Any CPU
		{44B34179-D071-4449-A41C-AFDB7D609F42}.Release|Any CPU.Build.0 = Release|Any CPU
	EndGlobalSection
	GlobalSection(SolutionProperties) = preSolution
		HideSolutionNode = FALSE
	EndGlobalSection
EndGlobal
