
Microsoft Visual Studio Solution File, Format Version 12.00
# Visual Studio 2012
Project("{FAE04EC0-301F-11D3-BF4B-00C04F79EFBC}") = "01.Shapes", "01.Shapes\01.Shapes.csproj", "{C2A8ED34-F57B-4CBA-AEDB-80403211F9DC}"
EndProject
Project("{FAE04EC0-301F-11D3-BF4B-00C04F79EFBC}") = "01.ShapesTest", "01.ShapesTest\01.ShapesTest.csproj", "{00A57DD0-8BFA-44B1-9657-379D27D8AEF6}"
EndProject
Project("{FAE04EC0-301F-11D3-BF4B-00C04F79EFBC}") = "02.BankAccounts", "02.BankAccounts\02.BankAccounts.csproj", "{025B69FE-C030-484F-AA55-10759E7F52E4}"
EndProject
Global
	GlobalSection(SolutionConfigurationPlatforms) = preSolution
		Debug|Any CPU = Debug|Any CPU
		Release|Any CPU = Release|Any CPU
	EndGlobalSection
	GlobalSection(ProjectConfigurationPlatforms) = postSolution
		{C2A8ED34-F57B-4CBA-AEDB-80403211F9DC}.Debug|Any CPU.ActiveCfg = Debug|Any CPU
		{C2A8ED34-F57B-4CBA-AEDB-80403211F9DC}.Debug|Any CPU.Build.0 = Debug|Any CPU
		{C2A8ED34-F57B-4CBA-AEDB-80403211F9DC}.Release|Any CPU.ActiveCfg = Release|Any CPU
		{C2A8ED34-F57B-4CBA-AEDB-80403211F9DC}.Release|Any CPU.Build.0 = Release|Any CPU
		{00A57DD0-8BFA-44B1-9657-379D27D8AEF6}.Debug|Any CPU.ActiveCfg = Debug|Any CPU
		{00A57DD0-8BFA-44B1-9657-379D27D8AEF6}.Debug|Any CPU.Build.0 = Debug|Any CPU
		{00A57DD0-8BFA-44B1-9657-379D27D8AEF6}.Release|Any CPU.ActiveCfg = Release|Any CPU
		{00A57DD0-8BFA-44B1-9657-379D27D8AEF6}.Release|Any CPU.Build.0 = Release|Any CPU
		{025B69FE-C030-484F-AA55-10759E7F52E4}.Debug|Any CPU.ActiveCfg = Debug|Any CPU
		{025B69FE-C030-484F-AA55-10759E7F52E4}.Debug|Any CPU.Build.0 = Debug|Any CPU
		{025B69FE-C030-484F-AA55-10759E7F52E4}.Release|Any CPU.ActiveCfg = Release|Any CPU
		{025B69FE-C030-484F-AA55-10759E7F52E4}.Release|Any CPU.Build.0 = Release|Any CPU
	EndGlobalSection
	GlobalSection(SolutionProperties) = preSolution
		HideSolutionNode = FALSE
	EndGlobalSection
EndGlobal
