
Microsoft Visual Studio Solution File, Format Version 12.00
# Visual Studio 2013
VisualStudioVersion = 12.0.20623.1 VSUPREVIEW
MinimumVisualStudioVersion = 10.0.40219.1
Project("{FAE04EC0-301F-11D3-BF4B-00C04F79EFBC}") = "01.RegisterForm", "01.RegisterForm\01.RegisterForm.csproj", "{B64B6C8B-7ABD-4ECD-B77D-A98057B38832}"
EndProject
Project("{FAE04EC0-301F-11D3-BF4B-00C04F79EFBC}") = "02.ValidationGroups", "02.ValidationGroups\02.ValidationGroups.csproj", "{DCC52487-0BEC-45F4-A385-C3488F888A1C}"
EndProject
Global
	GlobalSection(SolutionConfigurationPlatforms) = preSolution
		Debug|Any CPU = Debug|Any CPU
		Release|Any CPU = Release|Any CPU
	EndGlobalSection
	GlobalSection(ProjectConfigurationPlatforms) = postSolution
		{B64B6C8B-7ABD-4ECD-B77D-A98057B38832}.Debug|Any CPU.ActiveCfg = Debug|Any CPU
		{B64B6C8B-7ABD-4ECD-B77D-A98057B38832}.Debug|Any CPU.Build.0 = Debug|Any CPU
		{B64B6C8B-7ABD-4ECD-B77D-A98057B38832}.Release|Any CPU.ActiveCfg = Release|Any CPU
		{B64B6C8B-7ABD-4ECD-B77D-A98057B38832}.Release|Any CPU.Build.0 = Release|Any CPU
		{DCC52487-0BEC-45F4-A385-C3488F888A1C}.Debug|Any CPU.ActiveCfg = Debug|Any CPU
		{DCC52487-0BEC-45F4-A385-C3488F888A1C}.Debug|Any CPU.Build.0 = Debug|Any CPU
		{DCC52487-0BEC-45F4-A385-C3488F888A1C}.Release|Any CPU.ActiveCfg = Release|Any CPU
		{DCC52487-0BEC-45F4-A385-C3488F888A1C}.Release|Any CPU.Build.0 = Release|Any CPU
	EndGlobalSection
	GlobalSection(SolutionProperties) = preSolution
		HideSolutionNode = FALSE
	EndGlobalSection
EndGlobal
