
Microsoft Visual Studio Solution File, Format Version 12.00
# Visual Studio 2012
Project("{FAE04EC0-301F-11D3-BF4B-00C04F79EFBC}") = "01.Slider", "01.Slider\01.Slider.csproj", "{53456813-4A11-4982-96CD-FE6416CCE72A}"
EndProject
Project("{FAE04EC0-301F-11D3-BF4B-00C04F79EFBC}") = "02.InsertDOMElement", "02.InsertDOMElement\02.InsertDOMElement.csproj", "{B7149355-664A-4AB8-A441-9A4C2F526539}"
EndProject
Project("{FAE04EC0-301F-11D3-BF4B-00C04F79EFBC}") = "03.GenerateTable", "03.GenerateTable\03.GenerateTable.csproj", "{D24E1CB1-9AE5-45C6-91D6-5ABBF253E123}"
EndProject
Project("{FAE04EC0-301F-11D3-BF4B-00C04F79EFBC}") = "04.ChangeBackground", "04.ChangeBackground\04.ChangeBackground.csproj", "{736D55B2-43DE-4720-A25E-2860BD04E6E1}"
EndProject
Global
	GlobalSection(SolutionConfigurationPlatforms) = preSolution
		Debug|Any CPU = Debug|Any CPU
		Release|Any CPU = Release|Any CPU
	EndGlobalSection
	GlobalSection(ProjectConfigurationPlatforms) = postSolution
		{53456813-4A11-4982-96CD-FE6416CCE72A}.Debug|Any CPU.ActiveCfg = Debug|Any CPU
		{53456813-4A11-4982-96CD-FE6416CCE72A}.Debug|Any CPU.Build.0 = Debug|Any CPU
		{53456813-4A11-4982-96CD-FE6416CCE72A}.Release|Any CPU.ActiveCfg = Release|Any CPU
		{53456813-4A11-4982-96CD-FE6416CCE72A}.Release|Any CPU.Build.0 = Release|Any CPU
		{B7149355-664A-4AB8-A441-9A4C2F526539}.Debug|Any CPU.ActiveCfg = Debug|Any CPU
		{B7149355-664A-4AB8-A441-9A4C2F526539}.Debug|Any CPU.Build.0 = Debug|Any CPU
		{B7149355-664A-4AB8-A441-9A4C2F526539}.Release|Any CPU.ActiveCfg = Release|Any CPU
		{B7149355-664A-4AB8-A441-9A4C2F526539}.Release|Any CPU.Build.0 = Release|Any CPU
		{D24E1CB1-9AE5-45C6-91D6-5ABBF253E123}.Debug|Any CPU.ActiveCfg = Debug|Any CPU
		{D24E1CB1-9AE5-45C6-91D6-5ABBF253E123}.Debug|Any CPU.Build.0 = Debug|Any CPU
		{D24E1CB1-9AE5-45C6-91D6-5ABBF253E123}.Release|Any CPU.ActiveCfg = Release|Any CPU
		{D24E1CB1-9AE5-45C6-91D6-5ABBF253E123}.Release|Any CPU.Build.0 = Release|Any CPU
		{736D55B2-43DE-4720-A25E-2860BD04E6E1}.Debug|Any CPU.ActiveCfg = Debug|Any CPU
		{736D55B2-43DE-4720-A25E-2860BD04E6E1}.Debug|Any CPU.Build.0 = Debug|Any CPU
		{736D55B2-43DE-4720-A25E-2860BD04E6E1}.Release|Any CPU.ActiveCfg = Release|Any CPU
		{736D55B2-43DE-4720-A25E-2860BD04E6E1}.Release|Any CPU.Build.0 = Release|Any CPU
	EndGlobalSection
	GlobalSection(SolutionProperties) = preSolution
		HideSolutionNode = FALSE
	EndGlobalSection
EndGlobal
