
Microsoft Visual Studio Solution File, Format Version 12.00
# Visual Studio 2012
Project("{FAE04EC0-301F-11D3-BF4B-00C04F79EFBC}") = "01.RefactorClass", "01.RefactorClass\01.RefactorClass.csproj", "{43E322BE-8645-4789-BF37-B6252C7783C7}"
EndProject
Project("{FAE04EC0-301F-11D3-BF4B-00C04F79EFBC}") = "02.RefactorStatements", "02.RefactorStatements\02.RefactorStatements.csproj", "{055542D6-8EC2-4301-831C-2B6BFAD3CD99}"
EndProject
Project("{FAE04EC0-301F-11D3-BF4B-00C04F79EFBC}") = "03.RefactorLoop", "03.RefactorLoop\03.RefactorLoop.csproj", "{EF4D4DBF-0E30-49F0-B61A-29BEB661A12E}"
EndProject
Global
	GlobalSection(SolutionConfigurationPlatforms) = preSolution
		Debug|Any CPU = Debug|Any CPU
		Release|Any CPU = Release|Any CPU
	EndGlobalSection
	GlobalSection(ProjectConfigurationPlatforms) = postSolution
		{43E322BE-8645-4789-BF37-B6252C7783C7}.Debug|Any CPU.ActiveCfg = Debug|Any CPU
		{43E322BE-8645-4789-BF37-B6252C7783C7}.Debug|Any CPU.Build.0 = Debug|Any CPU
		{43E322BE-8645-4789-BF37-B6252C7783C7}.Release|Any CPU.ActiveCfg = Release|Any CPU
		{43E322BE-8645-4789-BF37-B6252C7783C7}.Release|Any CPU.Build.0 = Release|Any CPU
		{055542D6-8EC2-4301-831C-2B6BFAD3CD99}.Debug|Any CPU.ActiveCfg = Debug|Any CPU
		{055542D6-8EC2-4301-831C-2B6BFAD3CD99}.Debug|Any CPU.Build.0 = Debug|Any CPU
		{055542D6-8EC2-4301-831C-2B6BFAD3CD99}.Release|Any CPU.ActiveCfg = Release|Any CPU
		{055542D6-8EC2-4301-831C-2B6BFAD3CD99}.Release|Any CPU.Build.0 = Release|Any CPU
		{EF4D4DBF-0E30-49F0-B61A-29BEB661A12E}.Debug|Any CPU.ActiveCfg = Debug|Any CPU
		{EF4D4DBF-0E30-49F0-B61A-29BEB661A12E}.Debug|Any CPU.Build.0 = Debug|Any CPU
		{EF4D4DBF-0E30-49F0-B61A-29BEB661A12E}.Release|Any CPU.ActiveCfg = Release|Any CPU
		{EF4D4DBF-0E30-49F0-B61A-29BEB661A12E}.Release|Any CPU.Build.0 = Release|Any CPU
	EndGlobalSection
	GlobalSection(SolutionProperties) = preSolution
		HideSolutionNode = FALSE
	EndGlobalSection
EndGlobal
