
Microsoft Visual Studio Solution File, Format Version 12.00
# Visual Studio 2013
VisualStudioVersion = 12.0.20623.1 VSUPREVIEW
MinimumVisualStudioVersion = 10.0.40219.1
Project("{FAE04EC0-301F-11D3-BF4B-00C04F79EFBC}") = "01.RndNumsWithHtmlControls", "01.RndNumsWithHtmlControls\01.RndNumsWithHtmlControls.csproj", "{6786F72C-431E-4CC1-8DE6-8794FA2C90AE}"
EndProject
Project("{FAE04EC0-301F-11D3-BF4B-00C04F79EFBC}") = "02.RndNumsWithASPControls", "02.RndNumsWithASPControls\02.RndNumsWithASPControls.csproj", "{B07891A1-433A-452E-8F0E-2408E2654F28}"
EndProject
Project("{FAE04EC0-301F-11D3-BF4B-00C04F79EFBC}") = "03.HtmlEscaping", "03.HtmlEscaping\03.HtmlEscaping.csproj", "{4C82FC07-1DE2-49C0-8AAD-E86058940D50}"
EndProject
Project("{FAE04EC0-301F-11D3-BF4B-00C04F79EFBC}") = "04.StudentsForm", "04.StudentsForm\04.StudentsForm.csproj", "{7A779F54-4C6E-4F68-9D4D-C09292A87371}"
EndProject
Global
	GlobalSection(SolutionConfigurationPlatforms) = preSolution
		Debug|Any CPU = Debug|Any CPU
		Release|Any CPU = Release|Any CPU
	EndGlobalSection
	GlobalSection(ProjectConfigurationPlatforms) = postSolution
		{6786F72C-431E-4CC1-8DE6-8794FA2C90AE}.Debug|Any CPU.ActiveCfg = Debug|Any CPU
		{6786F72C-431E-4CC1-8DE6-8794FA2C90AE}.Debug|Any CPU.Build.0 = Debug|Any CPU
		{6786F72C-431E-4CC1-8DE6-8794FA2C90AE}.Release|Any CPU.ActiveCfg = Release|Any CPU
		{6786F72C-431E-4CC1-8DE6-8794FA2C90AE}.Release|Any CPU.Build.0 = Release|Any CPU
		{B07891A1-433A-452E-8F0E-2408E2654F28}.Debug|Any CPU.ActiveCfg = Debug|Any CPU
		{B07891A1-433A-452E-8F0E-2408E2654F28}.Debug|Any CPU.Build.0 = Debug|Any CPU
		{B07891A1-433A-452E-8F0E-2408E2654F28}.Release|Any CPU.ActiveCfg = Release|Any CPU
		{B07891A1-433A-452E-8F0E-2408E2654F28}.Release|Any CPU.Build.0 = Release|Any CPU
		{4C82FC07-1DE2-49C0-8AAD-E86058940D50}.Debug|Any CPU.ActiveCfg = Debug|Any CPU
		{4C82FC07-1DE2-49C0-8AAD-E86058940D50}.Debug|Any CPU.Build.0 = Debug|Any CPU
		{4C82FC07-1DE2-49C0-8AAD-E86058940D50}.Release|Any CPU.ActiveCfg = Release|Any CPU
		{4C82FC07-1DE2-49C0-8AAD-E86058940D50}.Release|Any CPU.Build.0 = Release|Any CPU
		{7A779F54-4C6E-4F68-9D4D-C09292A87371}.Debug|Any CPU.ActiveCfg = Debug|Any CPU
		{7A779F54-4C6E-4F68-9D4D-C09292A87371}.Debug|Any CPU.Build.0 = Debug|Any CPU
		{7A779F54-4C6E-4F68-9D4D-C09292A87371}.Release|Any CPU.ActiveCfg = Release|Any CPU
		{7A779F54-4C6E-4F68-9D4D-C09292A87371}.Release|Any CPU.Build.0 = Release|Any CPU
	EndGlobalSection
	GlobalSection(SolutionProperties) = preSolution
		HideSolutionNode = FALSE
	EndGlobalSection
EndGlobal
