
Microsoft Visual Studio Solution File, Format Version 12.00
# Visual Studio 2012
Project("{FAE04EC0-301F-11D3-BF4B-00C04F79EFBC}") = "01.MessagesInABottle", "01.MessagesInABottle\01.MessagesInABottle.csproj", "{543F14AF-762A-4DC2-967A-7DA17596425E}"
EndProject
Project("{FAE04EC0-301F-11D3-BF4B-00C04F79EFBC}") = "02.AcademyTasks", "02.AcademyTasks\02.AcademyTasks.csproj", "{49F8DD4E-BE95-4064-AF81-CCEB90EC0B0A}"
EndProject
Project("{FAE04EC0-301F-11D3-BF4B-00C04F79EFBC}") = "05.ShoppingCenter", "05.ShoppingCenter\05.ShoppingCenter.csproj", "{7293FB2A-3EE7-42BB-8309-6D5484651757}"
EndProject
Project("{FAE04EC0-301F-11D3-BF4B-00C04F79EFBC}") = "03.FriendsInNeed", "03.FriendsInNeed\03.FriendsInNeed.csproj", "{14D92454-7DA9-4F13-9AEB-6DFC38CC4508}"
EndProject
Project("{FAE04EC0-301F-11D3-BF4B-00C04F79EFBC}") = "04.RiskWinsRiskLoses", "04.RiskWinsRiskLoses\04.RiskWinsRiskLoses.csproj", "{4E797A7D-AC4B-49C1-8842-2A52BAC0DCB2}"
EndProject
Global
	GlobalSection(SolutionConfigurationPlatforms) = preSolution
		Debug|Any CPU = Debug|Any CPU
		Release|Any CPU = Release|Any CPU
	EndGlobalSection
	GlobalSection(ProjectConfigurationPlatforms) = postSolution
		{543F14AF-762A-4DC2-967A-7DA17596425E}.Debug|Any CPU.ActiveCfg = Debug|Any CPU
		{543F14AF-762A-4DC2-967A-7DA17596425E}.Debug|Any CPU.Build.0 = Debug|Any CPU
		{543F14AF-762A-4DC2-967A-7DA17596425E}.Release|Any CPU.ActiveCfg = Release|Any CPU
		{543F14AF-762A-4DC2-967A-7DA17596425E}.Release|Any CPU.Build.0 = Release|Any CPU
		{49F8DD4E-BE95-4064-AF81-CCEB90EC0B0A}.Debug|Any CPU.ActiveCfg = Debug|Any CPU
		{49F8DD4E-BE95-4064-AF81-CCEB90EC0B0A}.Debug|Any CPU.Build.0 = Debug|Any CPU
		{49F8DD4E-BE95-4064-AF81-CCEB90EC0B0A}.Release|Any CPU.ActiveCfg = Release|Any CPU
		{49F8DD4E-BE95-4064-AF81-CCEB90EC0B0A}.Release|Any CPU.Build.0 = Release|Any CPU
		{7293FB2A-3EE7-42BB-8309-6D5484651757}.Debug|Any CPU.ActiveCfg = Debug|Any CPU
		{7293FB2A-3EE7-42BB-8309-6D5484651757}.Debug|Any CPU.Build.0 = Debug|Any CPU
		{7293FB2A-3EE7-42BB-8309-6D5484651757}.Release|Any CPU.ActiveCfg = Release|Any CPU
		{7293FB2A-3EE7-42BB-8309-6D5484651757}.Release|Any CPU.Build.0 = Release|Any CPU
		{14D92454-7DA9-4F13-9AEB-6DFC38CC4508}.Debug|Any CPU.ActiveCfg = Debug|Any CPU
		{14D92454-7DA9-4F13-9AEB-6DFC38CC4508}.Debug|Any CPU.Build.0 = Debug|Any CPU
		{14D92454-7DA9-4F13-9AEB-6DFC38CC4508}.Release|Any CPU.ActiveCfg = Release|Any CPU
		{14D92454-7DA9-4F13-9AEB-6DFC38CC4508}.Release|Any CPU.Build.0 = Release|Any CPU
		{4E797A7D-AC4B-49C1-8842-2A52BAC0DCB2}.Debug|Any CPU.ActiveCfg = Debug|Any CPU
		{4E797A7D-AC4B-49C1-8842-2A52BAC0DCB2}.Debug|Any CPU.Build.0 = Debug|Any CPU
		{4E797A7D-AC4B-49C1-8842-2A52BAC0DCB2}.Release|Any CPU.ActiveCfg = Release|Any CPU
		{4E797A7D-AC4B-49C1-8842-2A52BAC0DCB2}.Release|Any CPU.Build.0 = Release|Any CPU
	EndGlobalSection
	GlobalSection(SolutionProperties) = preSolution
		HideSolutionNode = FALSE
	EndGlobalSection
EndGlobal
