
Microsoft Visual Studio Solution File, Format Version 12.00
# Visual Studio 2012
Project("{FAE04EC0-301F-11D3-BF4B-00C04F79EFBC}") = "01.OnlineMapTourism", "01.OnlineMapTourism\01.OnlineMapTourism.csproj", "{98EA5DDD-A4F7-4399-8D6B-87554E332B75}"
EndProject
Project("{FAE04EC0-301F-11D3-BF4B-00C04F79EFBC}") = "02.GooglePlusAndYoutubeAPIs", "02.GooglePlusAndYoutubeAPIs\02.GooglePlusAndYoutubeAPIs.csproj", "{4992B6BC-4B46-43B4-81E4-A624A47655F7}"
EndProject
Global
	GlobalSection(SolutionConfigurationPlatforms) = preSolution
		Debug|Any CPU = Debug|Any CPU
		Release|Any CPU = Release|Any CPU
	EndGlobalSection
	GlobalSection(ProjectConfigurationPlatforms) = postSolution
		{98EA5DDD-A4F7-4399-8D6B-87554E332B75}.Debug|Any CPU.ActiveCfg = Debug|Any CPU
		{98EA5DDD-A4F7-4399-8D6B-87554E332B75}.Debug|Any CPU.Build.0 = Debug|Any CPU
		{98EA5DDD-A4F7-4399-8D6B-87554E332B75}.Release|Any CPU.ActiveCfg = Release|Any CPU
		{98EA5DDD-A4F7-4399-8D6B-87554E332B75}.Release|Any CPU.Build.0 = Release|Any CPU
		{4992B6BC-4B46-43B4-81E4-A624A47655F7}.Debug|Any CPU.ActiveCfg = Debug|Any CPU
		{4992B6BC-4B46-43B4-81E4-A624A47655F7}.Debug|Any CPU.Build.0 = Debug|Any CPU
		{4992B6BC-4B46-43B4-81E4-A624A47655F7}.Release|Any CPU.ActiveCfg = Release|Any CPU
		{4992B6BC-4B46-43B4-81E4-A624A47655F7}.Release|Any CPU.Build.0 = Release|Any CPU
	EndGlobalSection
	GlobalSection(SolutionProperties) = preSolution
		HideSolutionNode = FALSE
	EndGlobalSection
EndGlobal
