
Microsoft Visual Studio Solution File, Format Version 12.00
# Visual Studio 2012
Project("{FAE04EC0-301F-11D3-BF4B-00C04F79EFBC}") = "Poker", "Poker\Poker.csproj", "{0A4B9067-D495-40DB-9408-A34490B65D9F}"
EndProject
Project("{FAE04EC0-301F-11D3-BF4B-00C04F79EFBC}") = "Poker.Tests", "Poker.Tests\Poker.Tests.csproj", "{E31F8BD5-FD3E-439E-924F-047932CB5A93}"
EndProject
Global
	GlobalSection(SolutionConfigurationPlatforms) = preSolution
		Debug|Any CPU = Debug|Any CPU
		Release|Any CPU = Release|Any CPU
	EndGlobalSection
	GlobalSection(ProjectConfigurationPlatforms) = postSolution
		{0A4B9067-D495-40DB-9408-A34490B65D9F}.Debug|Any CPU.ActiveCfg = Debug|Any CPU
		{0A4B9067-D495-40DB-9408-A34490B65D9F}.Debug|Any CPU.Build.0 = Debug|Any CPU
		{0A4B9067-D495-40DB-9408-A34490B65D9F}.Release|Any CPU.ActiveCfg = Release|Any CPU
		{0A4B9067-D495-40DB-9408-A34490B65D9F}.Release|Any CPU.Build.0 = Release|Any CPU
		{E31F8BD5-FD3E-439E-924F-047932CB5A93}.Debug|Any CPU.ActiveCfg = Debug|Any CPU
		{E31F8BD5-FD3E-439E-924F-047932CB5A93}.Debug|Any CPU.Build.0 = Debug|Any CPU
		{E31F8BD5-FD3E-439E-924F-047932CB5A93}.Release|Any CPU.ActiveCfg = Release|Any CPU
		{E31F8BD5-FD3E-439E-924F-047932CB5A93}.Release|Any CPU.Build.0 = Release|Any CPU
	EndGlobalSection
	GlobalSection(SolutionProperties) = preSolution
		HideSolutionNode = FALSE
	EndGlobalSection
EndGlobal
