
Microsoft Visual Studio Solution File, Format Version 12.00
# Visual Studio 2012
Project("{FAE04EC0-301F-11D3-BF4B-00C04F79EFBC}") = "Exam", "Exam\Exam.csproj", "{0EE3D7A2-3477-49A6-BCE0-9C1999AF371B}"
EndProject
Global
	GlobalSection(SolutionConfigurationPlatforms) = preSolution
		Debug|Any CPU = Debug|Any CPU
		Release|Any CPU = Release|Any CPU
	EndGlobalSection
	GlobalSection(ProjectConfigurationPlatforms) = postSolution
		{0EE3D7A2-3477-49A6-BCE0-9C1999AF371B}.Debug|Any CPU.ActiveCfg = Debug|Any CPU
		{0EE3D7A2-3477-49A6-BCE0-9C1999AF371B}.Debug|Any CPU.Build.0 = Debug|Any CPU
		{0EE3D7A2-3477-49A6-BCE0-9C1999AF371B}.Release|Any CPU.ActiveCfg = Release|Any CPU
		{0EE3D7A2-3477-49A6-BCE0-9C1999AF371B}.Release|Any CPU.Build.0 = Release|Any CPU
	EndGlobalSection
	GlobalSection(SolutionProperties) = preSolution
		HideSolutionNode = FALSE
	EndGlobalSection
EndGlobal
