
Microsoft Visual Studio Solution File, Format Version 11.00
# Visual Studio 2010
Project("{2150E333-8FDC-42A3-9474-1A3956D46DE8}") = "Solution Items", "Solution Items", "{931F0171-31BC-4296-A1C0-370EC7729428}"
	ProjectSection(SolutionItems) = preProject
		01.FruitTable.htm = 01.FruitTable.htm
		02.PageForm.htm = 02.PageForm.htm
		03.Calculator.htm = 03.Calculator.htm
	EndProjectSection
EndProject
Global
	GlobalSection(SolutionProperties) = preSolution
		HideSolutionNode = FALSE
	EndGlobalSection
EndGlobal
