
Microsoft Visual Studio Solution File, Format Version 12.00
# Visual Studio 2012
Project("{FAE04EC0-301F-11D3-BF4B-00C04F79EFBC}") = "01.DualPassowrds", "01.DualPassowrds\01.DualPassowrds.csproj", "{D1C8B7B0-A75A-4A0E-BC3A-9F00B45693FB}"
EndProject
Project("{FAE04EC0-301F-11D3-BF4B-00C04F79EFBC}") = "02.ColoredRabbits", "02.ColoredRabbits\02.ColoredRabbits.csproj", "{1C94F2FA-FCDE-4BF0-A0CD-9DBD045D60DF}"
EndProject
Global
	GlobalSection(SolutionConfigurationPlatforms) = preSolution
		Debug|Any CPU = Debug|Any CPU
		Release|Any CPU = Release|Any CPU
	EndGlobalSection
	GlobalSection(ProjectConfigurationPlatforms) = postSolution
		{D1C8B7B0-A75A-4A0E-BC3A-9F00B45693FB}.Debug|Any CPU.ActiveCfg = Debug|Any CPU
		{D1C8B7B0-A75A-4A0E-BC3A-9F00B45693FB}.Debug|Any CPU.Build.0 = Debug|Any CPU
		{D1C8B7B0-A75A-4A0E-BC3A-9F00B45693FB}.Release|Any CPU.ActiveCfg = Release|Any CPU
		{D1C8B7B0-A75A-4A0E-BC3A-9F00B45693FB}.Release|Any CPU.Build.0 = Release|Any CPU
		{1C94F2FA-FCDE-4BF0-A0CD-9DBD045D60DF}.Debug|Any CPU.ActiveCfg = Debug|Any CPU
		{1C94F2FA-FCDE-4BF0-A0CD-9DBD045D60DF}.Debug|Any CPU.Build.0 = Debug|Any CPU
		{1C94F2FA-FCDE-4BF0-A0CD-9DBD045D60DF}.Release|Any CPU.ActiveCfg = Release|Any CPU
		{1C94F2FA-FCDE-4BF0-A0CD-9DBD045D60DF}.Release|Any CPU.Build.0 = Release|Any CPU
	EndGlobalSection
	GlobalSection(SolutionProperties) = preSolution
		HideSolutionNode = FALSE
	EndGlobalSection
EndGlobal
