
Microsoft Visual Studio Solution File, Format Version 12.00
# Visual Studio 2012
Project("{2150E333-8FDC-42A3-9474-1A3956D46DE8}") = "Solution Items", "Solution Items", "{45BCA61F-93A4-4EA3-97B3-95555110ACF9}"
	ProjectSection(SolutionItems) = preProject
		01.EvenNumber.html = 01.EvenNumber.html
		02.DivisibleBy5and7.html = 02.DivisibleBy5and7.html
		03.RectArea.html = 03.RectArea.html
		04.CheckThirdDigit.html = 04.CheckThirdDigit.html
		05.CheckThirdBit.html = 05.CheckThirdBit.html
		06.CheckPoint.html = 06.CheckPoint.html
		07.IsPrime.html = 07.IsPrime.html
		08.TrapezoidArea.html = 08.TrapezoidArea.html
		09.PointPosition.html = 09.PointPosition.html
	EndProjectSection
EndProject
Global
	GlobalSection(SolutionProperties) = preSolution
		HideSolutionNode = FALSE
	EndGlobalSection
EndGlobal
