
Microsoft Visual Studio Solution File, Format Version 11.00
# Visual Studio 2010
Project("{FAE04EC0-301F-11D3-BF4B-00C04F79EFBC}") = "2Lection", "2Lection\2Lection.csproj", "{21B84891-81A6-4B8B-B96A-B4AD5A4E81AC}"
EndProject
Global
	GlobalSection(SolutionConfigurationPlatforms) = preSolution
		Debug|x86 = Debug|x86
		Release|x86 = Release|x86
	EndGlobalSection
	GlobalSection(ProjectConfigurationPlatforms) = postSolution
		{21B84891-81A6-4B8B-B96A-B4AD5A4E81AC}.Debug|x86.ActiveCfg = Debug|x86
		{21B84891-81A6-4B8B-B96A-B4AD5A4E81AC}.Debug|x86.Build.0 = Debug|x86
		{21B84891-81A6-4B8B-B96A-B4AD5A4E81AC}.Release|x86.ActiveCfg = Release|x86
		{21B84891-81A6-4B8B-B96A-B4AD5A4E81AC}.Release|x86.Build.0 = Release|x86
	EndGlobalSection
	GlobalSection(SolutionProperties) = preSolution
		HideSolutionNode = FALSE
	EndGlobalSection
EndGlobal
