
Microsoft Visual Studio Solution File, Format Version 12.00
# Visual Studio 2012
Project("{FAE04EC0-301F-11D3-BF4B-00C04F79EFBC}") = "03.JQueryPlugins", "03.JQueryPlugins\03.JQueryPlugins.csproj", "{700C8372-A82C-4FE7-BE2E-19518506AD68}"
EndProject
Global
	GlobalSection(SolutionConfigurationPlatforms) = preSolution
		Debug|Any CPU = Debug|Any CPU
		Release|Any CPU = Release|Any CPU
	EndGlobalSection
	GlobalSection(ProjectConfigurationPlatforms) = postSolution
		{700C8372-A82C-4FE7-BE2E-19518506AD68}.Debug|Any CPU.ActiveCfg = Debug|Any CPU
		{700C8372-A82C-4FE7-BE2E-19518506AD68}.Debug|Any CPU.Build.0 = Debug|Any CPU
		{700C8372-A82C-4FE7-BE2E-19518506AD68}.Release|Any CPU.ActiveCfg = Release|Any CPU
		{700C8372-A82C-4FE7-BE2E-19518506AD68}.Release|Any CPU.Build.0 = Release|Any CPU
	EndGlobalSection
	GlobalSection(SolutionProperties) = preSolution
		HideSolutionNode = FALSE
	EndGlobalSection
EndGlobal
