
Microsoft Visual Studio Solution File, Format Version 12.00
# Visual Studio 2012
Project("{FAE04EC0-301F-11D3-BF4B-00C04F79EFBC}") = "01.RefactorExample", "01.RefactorExample\01.RefactorExample.csproj", "{90EB24B1-4655-480B-87DB-0D912F97D498}"
EndProject
Project("{FAE04EC0-301F-11D3-BF4B-00C04F79EFBC}") = "02.RefactorExample", "02.RefactorExample\02.RefactorExample.csproj", "{D66155B4-C4D6-4EB9-839F-B9F82E8E6E05}"
EndProject
Global
	GlobalSection(SolutionConfigurationPlatforms) = preSolution
		Debug|Any CPU = Debug|Any CPU
		Release|Any CPU = Release|Any CPU
	EndGlobalSection
	GlobalSection(ProjectConfigurationPlatforms) = postSolution
		{90EB24B1-4655-480B-87DB-0D912F97D498}.Debug|Any CPU.ActiveCfg = Debug|Any CPU
		{90EB24B1-4655-480B-87DB-0D912F97D498}.Debug|Any CPU.Build.0 = Debug|Any CPU
		{90EB24B1-4655-480B-87DB-0D912F97D498}.Release|Any CPU.ActiveCfg = Release|Any CPU
		{90EB24B1-4655-480B-87DB-0D912F97D498}.Release|Any CPU.Build.0 = Release|Any CPU
		{D66155B4-C4D6-4EB9-839F-B9F82E8E6E05}.Debug|Any CPU.ActiveCfg = Debug|Any CPU
		{D66155B4-C4D6-4EB9-839F-B9F82E8E6E05}.Debug|Any CPU.Build.0 = Debug|Any CPU
		{D66155B4-C4D6-4EB9-839F-B9F82E8E6E05}.Release|Any CPU.ActiveCfg = Release|Any CPU
		{D66155B4-C4D6-4EB9-839F-B9F82E8E6E05}.Release|Any CPU.Build.0 = Release|Any CPU
	EndGlobalSection
	GlobalSection(SolutionProperties) = preSolution
		HideSolutionNode = FALSE
	EndGlobalSection
EndGlobal
