
Microsoft Visual Studio Solution File, Format Version 12.00
# Visual Studio 2012
Project("{FAE04EC0-301F-11D3-BF4B-00C04F79EFBC}") = "KendoUIHomework", "KendoUIHomework\KendoUIHomework.csproj", "{07CFA86D-C9E5-4ED6-A83C-9C4F22FB166D}"
EndProject
Global
	GlobalSection(SolutionConfigurationPlatforms) = preSolution
		Debug|Any CPU = Debug|Any CPU
		Release|Any CPU = Release|Any CPU
	EndGlobalSection
	GlobalSection(ProjectConfigurationPlatforms) = postSolution
		{07CFA86D-C9E5-4ED6-A83C-9C4F22FB166D}.Debug|Any CPU.ActiveCfg = Debug|Any CPU
		{07CFA86D-C9E5-4ED6-A83C-9C4F22FB166D}.Debug|Any CPU.Build.0 = Debug|Any CPU
		{07CFA86D-C9E5-4ED6-A83C-9C4F22FB166D}.Release|Any CPU.ActiveCfg = Release|Any CPU
		{07CFA86D-C9E5-4ED6-A83C-9C4F22FB166D}.Release|Any CPU.Build.0 = Release|Any CPU
	EndGlobalSection
	GlobalSection(SolutionProperties) = preSolution
		HideSolutionNode = FALSE
	EndGlobalSection
EndGlobal
