
Microsoft Visual Studio Solution File, Format Version 12.00
# Visual Studio 2012
Project("{FAE04EC0-301F-11D3-BF4B-00C04F79EFBC}") = "StudentsDatabase", "StudentsDatabase\StudentsDatabase.csproj", "{1A82389E-482F-45D6-9C75-3797FE348376}"
EndProject
Project("{FAE04EC0-301F-11D3-BF4B-00C04F79EFBC}") = "StudentsDatabase.Tests", "StudentsDatabase.Tests\StudentsDatabase.Tests.csproj", "{FBEDF2D4-6E72-4B38-B8BB-0C3EBFDC9A7F}"
EndProject
Project("{FAE04EC0-301F-11D3-BF4B-00C04F79EFBC}") = "StudentsDatabase.Models", "StudentsDatabase.Models\StudentsDatabase.Models.csproj", "{7D3FBF5D-737C-4711-889A-92BC5B6E38BF}"
EndProject
Project("{FAE04EC0-301F-11D3-BF4B-00C04F79EFBC}") = "StudentsDatabase.DataLayer", "SchoolDatabase.DataLayer\StudentsDatabase.DataLayer.csproj", "{C532F672-C148-4185-B664-2867C2F77F32}"
EndProject
Project("{FAE04EC0-301F-11D3-BF4B-00C04F79EFBC}") = "StudentsDatabase.Repositories", "StudentsDatabase.Repositories\StudentsDatabase.Repositories.csproj", "{2DF8896E-27C6-4C5E-9CA8-1F349563E64F}"
EndProject
Global
	GlobalSection(SolutionConfigurationPlatforms) = preSolution
		Debug|Any CPU = Debug|Any CPU
		Release|Any CPU = Release|Any CPU
	EndGlobalSection
	GlobalSection(ProjectConfigurationPlatforms) = postSolution
		{1A82389E-482F-45D6-9C75-3797FE348376}.Debug|Any CPU.ActiveCfg = Debug|Any CPU
		{1A82389E-482F-45D6-9C75-3797FE348376}.Debug|Any CPU.Build.0 = Debug|Any CPU
		{1A82389E-482F-45D6-9C75-3797FE348376}.Release|Any CPU.ActiveCfg = Release|Any CPU
		{1A82389E-482F-45D6-9C75-3797FE348376}.Release|Any CPU.Build.0 = Release|Any CPU
		{FBEDF2D4-6E72-4B38-B8BB-0C3EBFDC9A7F}.Debug|Any CPU.ActiveCfg = Debug|Any CPU
		{FBEDF2D4-6E72-4B38-B8BB-0C3EBFDC9A7F}.Debug|Any CPU.Build.0 = Debug|Any CPU
		{FBEDF2D4-6E72-4B38-B8BB-0C3EBFDC9A7F}.Release|Any CPU.ActiveCfg = Release|Any CPU
		{FBEDF2D4-6E72-4B38-B8BB-0C3EBFDC9A7F}.Release|Any CPU.Build.0 = Release|Any CPU
		{7D3FBF5D-737C-4711-889A-92BC5B6E38BF}.Debug|Any CPU.ActiveCfg = Debug|Any CPU
		{7D3FBF5D-737C-4711-889A-92BC5B6E38BF}.Debug|Any CPU.Build.0 = Debug|Any CPU
		{7D3FBF5D-737C-4711-889A-92BC5B6E38BF}.Release|Any CPU.ActiveCfg = Release|Any CPU
		{7D3FBF5D-737C-4711-889A-92BC5B6E38BF}.Release|Any CPU.Build.0 = Release|Any CPU
		{C532F672-C148-4185-B664-2867C2F77F32}.Debug|Any CPU.ActiveCfg = Debug|Any CPU
		{C532F672-C148-4185-B664-2867C2F77F32}.Debug|Any CPU.Build.0 = Debug|Any CPU
		{C532F672-C148-4185-B664-2867C2F77F32}.Release|Any CPU.ActiveCfg = Release|Any CPU
		{C532F672-C148-4185-B664-2867C2F77F32}.Release|Any CPU.Build.0 = Release|Any CPU
		{2DF8896E-27C6-4C5E-9CA8-1F349563E64F}.Debug|Any CPU.ActiveCfg = Debug|Any CPU
		{2DF8896E-27C6-4C5E-9CA8-1F349563E64F}.Debug|Any CPU.Build.0 = Debug|Any CPU
		{2DF8896E-27C6-4C5E-9CA8-1F349563E64F}.Release|Any CPU.ActiveCfg = Release|Any CPU
		{2DF8896E-27C6-4C5E-9CA8-1F349563E64F}.Release|Any CPU.Build.0 = Release|Any CPU
	EndGlobalSection
	GlobalSection(SolutionProperties) = preSolution
		HideSolutionNode = FALSE
	EndGlobalSection
EndGlobal
