
Microsoft Visual Studio Solution File, Format Version 12.00
# Visual Studio 2012
Project("{FAE04EC0-301F-11D3-BF4B-00C04F79EFBC}") = "ATMDatabase", "ATMDatabase\ATMDatabase.csproj", "{CA1145CA-1972-40C1-A8EC-B4ED93C9B964}"
EndProject
Project("{FAE04EC0-301F-11D3-BF4B-00C04F79EFBC}") = "ATMDatabase.Model", "ATM.Model\ATMDatabase.Model.csproj", "{E9F936A6-BF21-4F35-8A43-BF17802E9059}"
EndProject
Project("{FAE04EC0-301F-11D3-BF4B-00C04F79EFBC}") = "ATMDatabase.Data", "ATMDatabase.Data\ATMDatabase.Data.csproj", "{7C8AEA3E-85DB-4F29-83C2-A9E9012A8586}"
EndProject
Project("{FAE04EC0-301F-11D3-BF4B-00C04F79EFBC}") = "04.ATMTests", "04.ATMTests\04.ATMTests.csproj", "{B9609588-388C-401F-B620-3C3A5FDF59C2}"
EndProject
Global
	GlobalSection(SolutionConfigurationPlatforms) = preSolution
		Debug|Any CPU = Debug|Any CPU
		Release|Any CPU = Release|Any CPU
	EndGlobalSection
	GlobalSection(ProjectConfigurationPlatforms) = postSolution
		{CA1145CA-1972-40C1-A8EC-B4ED93C9B964}.Debug|Any CPU.ActiveCfg = Debug|Any CPU
		{CA1145CA-1972-40C1-A8EC-B4ED93C9B964}.Debug|Any CPU.Build.0 = Debug|Any CPU
		{CA1145CA-1972-40C1-A8EC-B4ED93C9B964}.Release|Any CPU.ActiveCfg = Release|Any CPU
		{CA1145CA-1972-40C1-A8EC-B4ED93C9B964}.Release|Any CPU.Build.0 = Release|Any CPU
		{E9F936A6-BF21-4F35-8A43-BF17802E9059}.Debug|Any CPU.ActiveCfg = Debug|Any CPU
		{E9F936A6-BF21-4F35-8A43-BF17802E9059}.Debug|Any CPU.Build.0 = Debug|Any CPU
		{E9F936A6-BF21-4F35-8A43-BF17802E9059}.Release|Any CPU.ActiveCfg = Release|Any CPU
		{E9F936A6-BF21-4F35-8A43-BF17802E9059}.Release|Any CPU.Build.0 = Release|Any CPU
		{7C8AEA3E-85DB-4F29-83C2-A9E9012A8586}.Debug|Any CPU.ActiveCfg = Debug|Any CPU
		{7C8AEA3E-85DB-4F29-83C2-A9E9012A8586}.Debug|Any CPU.Build.0 = Debug|Any CPU
		{7C8AEA3E-85DB-4F29-83C2-A9E9012A8586}.Release|Any CPU.ActiveCfg = Release|Any CPU
		{7C8AEA3E-85DB-4F29-83C2-A9E9012A8586}.Release|Any CPU.Build.0 = Release|Any CPU
		{B9609588-388C-401F-B620-3C3A5FDF59C2}.Debug|Any CPU.ActiveCfg = Debug|Any CPU
		{B9609588-388C-401F-B620-3C3A5FDF59C2}.Debug|Any CPU.Build.0 = Debug|Any CPU
		{B9609588-388C-401F-B620-3C3A5FDF59C2}.Release|Any CPU.ActiveCfg = Release|Any CPU
		{B9609588-388C-401F-B620-3C3A5FDF59C2}.Release|Any CPU.Build.0 = Release|Any CPU
	EndGlobalSection
	GlobalSection(SolutionProperties) = preSolution
		HideSolutionNode = FALSE
	EndGlobalSection
EndGlobal
