
Microsoft Visual Studio Solution File, Format Version 12.00
# Visual Studio 2012
Project("{FAE04EC0-301F-11D3-BF4B-00C04F79EFBC}") = "StrategyPattern", "StrategyPattern\StrategyPattern.csproj", "{4B7380E9-5045-4B64-959D-5003A1FE540C}"
EndProject
Project("{FAE04EC0-301F-11D3-BF4B-00C04F79EFBC}") = "CompositePattern", "CompositePattern\CompositePattern.csproj", "{11AA3FA6-E5D0-44F1-AB77-96DA68349738}"
EndProject
Project("{FAE04EC0-301F-11D3-BF4B-00C04F79EFBC}") = "SingletonPattern", "SingletonPattern\SingletonPattern.csproj", "{01401827-4E7F-4047-BA91-5D1348D4FF36}"
EndProject
Global
	GlobalSection(SolutionConfigurationPlatforms) = preSolution
		Debug|Any CPU = Debug|Any CPU
		Release|Any CPU = Release|Any CPU
	EndGlobalSection
	GlobalSection(ProjectConfigurationPlatforms) = postSolution
		{4B7380E9-5045-4B64-959D-5003A1FE540C}.Debug|Any CPU.ActiveCfg = Debug|Any CPU
		{4B7380E9-5045-4B64-959D-5003A1FE540C}.Debug|Any CPU.Build.0 = Debug|Any CPU
		{4B7380E9-5045-4B64-959D-5003A1FE540C}.Release|Any CPU.ActiveCfg = Release|Any CPU
		{4B7380E9-5045-4B64-959D-5003A1FE540C}.Release|Any CPU.Build.0 = Release|Any CPU
		{11AA3FA6-E5D0-44F1-AB77-96DA68349738}.Debug|Any CPU.ActiveCfg = Debug|Any CPU
		{11AA3FA6-E5D0-44F1-AB77-96DA68349738}.Debug|Any CPU.Build.0 = Debug|Any CPU
		{11AA3FA6-E5D0-44F1-AB77-96DA68349738}.Release|Any CPU.ActiveCfg = Release|Any CPU
		{11AA3FA6-E5D0-44F1-AB77-96DA68349738}.Release|Any CPU.Build.0 = Release|Any CPU
		{01401827-4E7F-4047-BA91-5D1348D4FF36}.Debug|Any CPU.ActiveCfg = Debug|Any CPU
		{01401827-4E7F-4047-BA91-5D1348D4FF36}.Debug|Any CPU.Build.0 = Debug|Any CPU
		{01401827-4E7F-4047-BA91-5D1348D4FF36}.Release|Any CPU.ActiveCfg = Release|Any CPU
		{01401827-4E7F-4047-BA91-5D1348D4FF36}.Release|Any CPU.Build.0 = Release|Any CPU
	EndGlobalSection
	GlobalSection(SolutionProperties) = preSolution
		HideSolutionNode = FALSE
	EndGlobalSection
EndGlobal
