
Microsoft Visual Studio Solution File, Format Version 12.00
# Visual Studio 2012
Project("{FAE04EC0-301F-11D3-BF4B-00C04F79EFBC}") = "AcademyPopcorn", "AcademyPopcorn\AcademyPopcorn.csproj", "{D50F4786-9751-4526-8D31-BB09B73CCC59}"
EndProject
Project("{FAE04EC0-301F-11D3-BF4B-00C04F79EFBC}") = "01.AddWalls", "01.AddWalls\01.AddWalls.csproj", "{C047424B-47EB-4B43-939B-0BF80C89C764}"
EndProject
Project("{FAE04EC0-301F-11D3-BF4B-00C04F79EFBC}") = "02.AddSleepTime", "02.AddSleepTime\02.AddSleepTime.csproj", "{A5EEEA65-6825-4F87-BDD5-B1FA1873B314}"
EndProject
Project("{FAE04EC0-301F-11D3-BF4B-00C04F79EFBC}") = "03.FinishTheTODO", "03.FinishTheTODO\03.FinishTheTODO.csproj", "{726E61F0-FBF4-451F-89B4-82F73F224946}"
EndProject
Global
	GlobalSection(SolutionConfigurationPlatforms) = preSolution
		Debug|Any CPU = Debug|Any CPU
		Release|Any CPU = Release|Any CPU
	EndGlobalSection
	GlobalSection(ProjectConfigurationPlatforms) = postSolution
		{D50F4786-9751-4526-8D31-BB09B73CCC59}.Debug|Any CPU.ActiveCfg = Debug|Any CPU
		{D50F4786-9751-4526-8D31-BB09B73CCC59}.Debug|Any CPU.Build.0 = Debug|Any CPU
		{D50F4786-9751-4526-8D31-BB09B73CCC59}.Release|Any CPU.ActiveCfg = Release|Any CPU
		{D50F4786-9751-4526-8D31-BB09B73CCC59}.Release|Any CPU.Build.0 = Release|Any CPU
		{C047424B-47EB-4B43-939B-0BF80C89C764}.Debug|Any CPU.ActiveCfg = Debug|Any CPU
		{C047424B-47EB-4B43-939B-0BF80C89C764}.Debug|Any CPU.Build.0 = Debug|Any CPU
		{C047424B-47EB-4B43-939B-0BF80C89C764}.Release|Any CPU.ActiveCfg = Release|Any CPU
		{C047424B-47EB-4B43-939B-0BF80C89C764}.Release|Any CPU.Build.0 = Release|Any CPU
		{A5EEEA65-6825-4F87-BDD5-B1FA1873B314}.Debug|Any CPU.ActiveCfg = Debug|Any CPU
		{A5EEEA65-6825-4F87-BDD5-B1FA1873B314}.Debug|Any CPU.Build.0 = Debug|Any CPU
		{A5EEEA65-6825-4F87-BDD5-B1FA1873B314}.Release|Any CPU.ActiveCfg = Release|Any CPU
		{A5EEEA65-6825-4F87-BDD5-B1FA1873B314}.Release|Any CPU.Build.0 = Release|Any CPU
		{726E61F0-FBF4-451F-89B4-82F73F224946}.Debug|Any CPU.ActiveCfg = Debug|Any CPU
		{726E61F0-FBF4-451F-89B4-82F73F224946}.Debug|Any CPU.Build.0 = Debug|Any CPU
		{726E61F0-FBF4-451F-89B4-82F73F224946}.Release|Any CPU.ActiveCfg = Release|Any CPU
		{726E61F0-FBF4-451F-89B4-82F73F224946}.Release|Any CPU.Build.0 = Release|Any CPU
	EndGlobalSection
	GlobalSection(SolutionProperties) = preSolution
		HideSolutionNode = FALSE
	EndGlobalSection
EndGlobal
