
Microsoft Visual Studio Solution File, Format Version 12.00
# Visual Studio 2012
Project("{FAE04EC0-301F-11D3-BF4B-00C04F79EFBC}") = "01.MusicStore", "01.MusicStore\01.MusicStore.csproj", "{8EBF2BF1-767F-42C9-94B3-F3FAD085F828}"
EndProject
Project("{FAE04EC0-301F-11D3-BF4B-00C04F79EFBC}") = "01.MusicStoreDAL", "01.MusicStoreDAL\01.MusicStoreDAL.csproj", "{C1BFB07A-3995-4859-9F54-0AE93E22AC8D}"
EndProject
Project("{FAE04EC0-301F-11D3-BF4B-00C04F79EFBC}") = "01.MusicStore.Models", "01.MusicStore.Models\01.MusicStore.Models.csproj", "{A3BF0DEC-03D7-4B61-A86A-3452EF25C3A1}"
EndProject
Project("{FAE04EC0-301F-11D3-BF4B-00C04F79EFBC}") = "02.ConsumingOnConsole", "02.ConsumingOnConsole\02.ConsumingOnConsole.csproj", "{29978F30-E3C4-42DD-AC44-1A745D1DFD7E}"
EndProject
Global
	GlobalSection(SolutionConfigurationPlatforms) = preSolution
		Debug|Any CPU = Debug|Any CPU
		Release|Any CPU = Release|Any CPU
	EndGlobalSection
	GlobalSection(ProjectConfigurationPlatforms) = postSolution
		{8EBF2BF1-767F-42C9-94B3-F3FAD085F828}.Debug|Any CPU.ActiveCfg = Debug|Any CPU
		{8EBF2BF1-767F-42C9-94B3-F3FAD085F828}.Debug|Any CPU.Build.0 = Debug|Any CPU
		{8EBF2BF1-767F-42C9-94B3-F3FAD085F828}.Release|Any CPU.ActiveCfg = Release|Any CPU
		{8EBF2BF1-767F-42C9-94B3-F3FAD085F828}.Release|Any CPU.Build.0 = Release|Any CPU
		{C1BFB07A-3995-4859-9F54-0AE93E22AC8D}.Debug|Any CPU.ActiveCfg = Debug|Any CPU
		{C1BFB07A-3995-4859-9F54-0AE93E22AC8D}.Debug|Any CPU.Build.0 = Debug|Any CPU
		{C1BFB07A-3995-4859-9F54-0AE93E22AC8D}.Release|Any CPU.ActiveCfg = Release|Any CPU
		{C1BFB07A-3995-4859-9F54-0AE93E22AC8D}.Release|Any CPU.Build.0 = Release|Any CPU
		{A3BF0DEC-03D7-4B61-A86A-3452EF25C3A1}.Debug|Any CPU.ActiveCfg = Debug|Any CPU
		{A3BF0DEC-03D7-4B61-A86A-3452EF25C3A1}.Debug|Any CPU.Build.0 = Debug|Any CPU
		{A3BF0DEC-03D7-4B61-A86A-3452EF25C3A1}.Release|Any CPU.ActiveCfg = Release|Any CPU
		{A3BF0DEC-03D7-4B61-A86A-3452EF25C3A1}.Release|Any CPU.Build.0 = Release|Any CPU
		{29978F30-E3C4-42DD-AC44-1A745D1DFD7E}.Debug|Any CPU.ActiveCfg = Debug|Any CPU
		{29978F30-E3C4-42DD-AC44-1A745D1DFD7E}.Debug|Any CPU.Build.0 = Debug|Any CPU
		{29978F30-E3C4-42DD-AC44-1A745D1DFD7E}.Release|Any CPU.ActiveCfg = Release|Any CPU
		{29978F30-E3C4-42DD-AC44-1A745D1DFD7E}.Release|Any CPU.Build.0 = Release|Any CPU
	EndGlobalSection
	GlobalSection(SolutionProperties) = preSolution
		HideSolutionNode = FALSE
	EndGlobalSection
EndGlobal
