
Microsoft Visual Studio Solution File, Format Version 12.00
# Visual Studio 2012
Project("{FAE04EC0-301F-11D3-BF4B-00C04F79EFBC}") = "01.SubstringExtension", "01.SubstringExtension\01.SubstringExtension.csproj", "{CAA1040C-313B-4A41-BEC2-E0E31502192C}"
EndProject
Project("{FAE04EC0-301F-11D3-BF4B-00C04F79EFBC}") = "02.IEnumerableExtensions", "02.IEnumerableExtensions\02.IEnumerableExtensions.csproj", "{563549F0-8D60-4417-BA0B-0DC134B43B5E}"
EndProject
Project("{FAE04EC0-301F-11D3-BF4B-00C04F79EFBC}") = "03.StudentSort", "03.StudentSort\03.StudentSort.csproj", "{8972BFDE-F9AE-40D6-90B4-6CBD6490F0F5}"
EndProject
Project("{FAE04EC0-301F-11D3-BF4B-00C04F79EFBC}") = "04.AgeQuery", "04.AgeQuery\04.AgeQuery.csproj", "{77AB9530-8342-4D44-89CF-E2B09EFF43E3}"
EndProject
Project("{FAE04EC0-301F-11D3-BF4B-00C04F79EFBC}") = "05.SortByNames", "05.SortByNames\05.SortByNames.csproj", "{1E75903A-C953-4CAF-82B6-74CC7924B1AA}"
EndProject
Project("{FAE04EC0-301F-11D3-BF4B-00C04F79EFBC}") = "06.DivisibleBy7And3", "06.DivisibleBy7And3\06.DivisibleBy7And3.csproj", "{CDDF819C-28D9-41AE-8A3A-612B35484C8B}"
EndProject
Project("{FAE04EC0-301F-11D3-BF4B-00C04F79EFBC}") = "07.Timer", "07.Timer\07.Timer.csproj", "{17638EAD-6721-4B28-A005-EBFCF3172437}"
EndProject
Project("{FAE04EC0-301F-11D3-BF4B-00C04F79EFBC}") = "08.EventTimer", "08.EventTimer\08.EventTimer.csproj", "{8EC78448-2987-4C79-B8AA-44451B69A6EE}"
EndProject
Global
	GlobalSection(SolutionConfigurationPlatforms) = preSolution
		Debug|Any CPU = Debug|Any CPU
		Release|Any CPU = Release|Any CPU
	EndGlobalSection
	GlobalSection(ProjectConfigurationPlatforms) = postSolution
		{CAA1040C-313B-4A41-BEC2-E0E31502192C}.Debug|Any CPU.ActiveCfg = Debug|Any CPU
		{CAA1040C-313B-4A41-BEC2-E0E31502192C}.Debug|Any CPU.Build.0 = Debug|Any CPU
		{CAA1040C-313B-4A41-BEC2-E0E31502192C}.Release|Any CPU.ActiveCfg = Release|Any CPU
		{CAA1040C-313B-4A41-BEC2-E0E31502192C}.Release|Any CPU.Build.0 = Release|Any CPU
		{563549F0-8D60-4417-BA0B-0DC134B43B5E}.Debug|Any CPU.ActiveCfg = Debug|Any CPU
		{563549F0-8D60-4417-BA0B-0DC134B43B5E}.Debug|Any CPU.Build.0 = Debug|Any CPU
		{563549F0-8D60-4417-BA0B-0DC134B43B5E}.Release|Any CPU.ActiveCfg = Release|Any CPU
		{563549F0-8D60-4417-BA0B-0DC134B43B5E}.Release|Any CPU.Build.0 = Release|Any CPU
		{8972BFDE-F9AE-40D6-90B4-6CBD6490F0F5}.Debug|Any CPU.ActiveCfg = Debug|Any CPU
		{8972BFDE-F9AE-40D6-90B4-6CBD6490F0F5}.Debug|Any CPU.Build.0 = Debug|Any CPU
		{8972BFDE-F9AE-40D6-90B4-6CBD6490F0F5}.Release|Any CPU.ActiveCfg = Release|Any CPU
		{8972BFDE-F9AE-40D6-90B4-6CBD6490F0F5}.Release|Any CPU.Build.0 = Release|Any CPU
		{77AB9530-8342-4D44-89CF-E2B09EFF43E3}.Debug|Any CPU.ActiveCfg = Debug|Any CPU
		{77AB9530-8342-4D44-89CF-E2B09EFF43E3}.Debug|Any CPU.Build.0 = Debug|Any CPU
		{77AB9530-8342-4D44-89CF-E2B09EFF43E3}.Release|Any CPU.ActiveCfg = Release|Any CPU
		{77AB9530-8342-4D44-89CF-E2B09EFF43E3}.Release|Any CPU.Build.0 = Release|Any CPU
		{1E75903A-C953-4CAF-82B6-74CC7924B1AA}.Debug|Any CPU.ActiveCfg = Debug|Any CPU
		{1E75903A-C953-4CAF-82B6-74CC7924B1AA}.Debug|Any CPU.Build.0 = Debug|Any CPU
		{1E75903A-C953-4CAF-82B6-74CC7924B1AA}.Release|Any CPU.ActiveCfg = Release|Any CPU
		{1E75903A-C953-4CAF-82B6-74CC7924B1AA}.Release|Any CPU.Build.0 = Release|Any CPU
		{CDDF819C-28D9-41AE-8A3A-612B35484C8B}.Debug|Any CPU.ActiveCfg = Debug|Any CPU
		{CDDF819C-28D9-41AE-8A3A-612B35484C8B}.Debug|Any CPU.Build.0 = Debug|Any CPU
		{CDDF819C-28D9-41AE-8A3A-612B35484C8B}.Release|Any CPU.ActiveCfg = Release|Any CPU
		{CDDF819C-28D9-41AE-8A3A-612B35484C8B}.Release|Any CPU.Build.0 = Release|Any CPU
		{17638EAD-6721-4B28-A005-EBFCF3172437}.Debug|Any CPU.ActiveCfg = Debug|Any CPU
		{17638EAD-6721-4B28-A005-EBFCF3172437}.Debug|Any CPU.Build.0 = Debug|Any CPU
		{17638EAD-6721-4B28-A005-EBFCF3172437}.Release|Any CPU.ActiveCfg = Release|Any CPU
		{17638EAD-6721-4B28-A005-EBFCF3172437}.Release|Any CPU.Build.0 = Release|Any CPU
		{8EC78448-2987-4C79-B8AA-44451B69A6EE}.Debug|Any CPU.ActiveCfg = Debug|Any CPU
		{8EC78448-2987-4C79-B8AA-44451B69A6EE}.Debug|Any CPU.Build.0 = Debug|Any CPU
		{8EC78448-2987-4C79-B8AA-44451B69A6EE}.Release|Any CPU.ActiveCfg = Release|Any CPU
		{8EC78448-2987-4C79-B8AA-44451B69A6EE}.Release|Any CPU.Build.0 = Release|Any CPU
	EndGlobalSection
	GlobalSection(SolutionProperties) = preSolution
		HideSolutionNode = FALSE
	EndGlobalSection
EndGlobal
