
Microsoft Visual Studio Solution File, Format Version 12.00
# Visual Studio 2012
Project("{FAE04EC0-301F-11D3-BF4B-00C04F79EFBC}") = "Students.Services", "Students.Services\Students.Services.csproj", "{1FD856D2-A2B0-4F1D-8909-F33A562D0769}"
EndProject
Project("{FAE04EC0-301F-11D3-BF4B-00C04F79EFBC}") = "01.ClientApp", "01.ClientApp\01.ClientApp.csproj", "{0B2A3E6A-0D78-478C-83D7-82F9A54F365B}"
EndProject
Project("{FAE04EC0-301F-11D3-BF4B-00C04F79EFBC}") = "02.ComboBox", "02.ComboBox\02.ComboBox.csproj", "{017A1735-A770-4F9F-BB14-07603E0000E5}"
EndProject
Global
	GlobalSection(SolutionConfigurationPlatforms) = preSolution
		Debug|Any CPU = Debug|Any CPU
		Release|Any CPU = Release|Any CPU
	EndGlobalSection
	GlobalSection(ProjectConfigurationPlatforms) = postSolution
		{1FD856D2-A2B0-4F1D-8909-F33A562D0769}.Debug|Any CPU.ActiveCfg = Debug|Any CPU
		{1FD856D2-A2B0-4F1D-8909-F33A562D0769}.Debug|Any CPU.Build.0 = Debug|Any CPU
		{1FD856D2-A2B0-4F1D-8909-F33A562D0769}.Release|Any CPU.ActiveCfg = Release|Any CPU
		{1FD856D2-A2B0-4F1D-8909-F33A562D0769}.Release|Any CPU.Build.0 = Release|Any CPU
		{0B2A3E6A-0D78-478C-83D7-82F9A54F365B}.Debug|Any CPU.ActiveCfg = Debug|Any CPU
		{0B2A3E6A-0D78-478C-83D7-82F9A54F365B}.Debug|Any CPU.Build.0 = Debug|Any CPU
		{0B2A3E6A-0D78-478C-83D7-82F9A54F365B}.Release|Any CPU.ActiveCfg = Release|Any CPU
		{0B2A3E6A-0D78-478C-83D7-82F9A54F365B}.Release|Any CPU.Build.0 = Release|Any CPU
		{017A1735-A770-4F9F-BB14-07603E0000E5}.Debug|Any CPU.ActiveCfg = Debug|Any CPU
		{017A1735-A770-4F9F-BB14-07603E0000E5}.Debug|Any CPU.Build.0 = Debug|Any CPU
		{017A1735-A770-4F9F-BB14-07603E0000E5}.Release|Any CPU.ActiveCfg = Release|Any CPU
		{017A1735-A770-4F9F-BB14-07603E0000E5}.Release|Any CPU.Build.0 = Release|Any CPU
	EndGlobalSection
	GlobalSection(SolutionProperties) = preSolution
		HideSolutionNode = FALSE
	EndGlobalSection
EndGlobal
